
Microsoft Visual Studio Solution File, Format Version 12.00
# Visual Studio Version 17
VisualStudioVersion = 17.4.33110.190
MinimumVisualStudioVersion = 10.0.40219.1
Project("{FAE04EC0-301F-11D3-BF4B-00C04F79EFBC}") = "kassasystem", "kassasystem\kassasystem.csproj", "{487A502A-53A6-4AD4-9146-1D9DDEC320B8}"
EndProject
Global
	GlobalSection(SolutionConfigurationPlatforms) = preSolution
		Debug|Any CPU = Debug|Any CPU
		Release|Any CPU = Release|Any CPU
	EndGlobalSection
	GlobalSection(ProjectConfigurationPlatforms) = postSolution
		{487A502A-53A6-4AD4-9146-1D9DDEC320B8}.Debug|Any CPU.ActiveCfg = Debug|Any CPU
		{487A502A-53A6-4AD4-9146-1D9DDEC320B8}.Debug|Any CPU.Build.0 = Debug|Any CPU
		{487A502A-53A6-4AD4-9146-1D9DDEC320B8}.Release|Any CPU.ActiveCfg = Release|Any CPU
		{487A502A-53A6-4AD4-9146-1D9DDEC320B8}.Release|Any CPU.Build.0 = Release|Any CPU
	EndGlobalSection
	GlobalSection(SolutionProperties) = preSolution
		HideSolutionNode = FALSE
	EndGlobalSection
	GlobalSection(ExtensibilityGlobals) = postSolution
		SolutionGuid = {6F331FF4-0FFF-4D66-BF4B-4C8D24D2A220}
	EndGlobalSection
EndGlobal
