
Microsoft Visual Studio Solution File, Format Version 12.00
# Visual Studio Version 17
VisualStudioVersion = 17.4.33110.190
MinimumVisualStudioVersion = 10.0.40219.1
Project("{FAE04EC0-301F-11D3-BF4B-00C04F79EFBC}") = "TestProject1", "TestProject1\TestProject1.csproj", "{0C8196A0-EEFC-4E79-B559-D132F0D6C913}"
EndProject
Global
	GlobalSection(SolutionConfigurationPlatforms) = preSolution
		Debug|Any CPU = Debug|Any CPU
		Release|Any CPU = Release|Any CPU
	EndGlobalSection
	GlobalSection(ProjectConfigurationPlatforms) = postSolution
		{0C8196A0-EEFC-4E79-B559-D132F0D6C913}.Debug|Any CPU.ActiveCfg = Debug|Any CPU
		{0C8196A0-EEFC-4E79-B559-D132F0D6C913}.Debug|Any CPU.Build.0 = Debug|Any CPU
		{0C8196A0-EEFC-4E79-B559-D132F0D6C913}.Release|Any CPU.ActiveCfg = Release|Any CPU
		{0C8196A0-EEFC-4E79-B559-D132F0D6C913}.Release|Any CPU.Build.0 = Release|Any CPU
	EndGlobalSection
	GlobalSection(SolutionProperties) = preSolution
		HideSolutionNode = FALSE
	EndGlobalSection
	GlobalSection(ExtensibilityGlobals) = postSolution
		SolutionGuid = {D6FDD79B-D0B0-4122-B592-4786C2C1B293}
	EndGlobalSection
EndGlobal
